// !$*UTF8*$!
{
	archiveVersion = 1;
	classes = {
	};
	objectVersion = 56;
	objects = {

/* Begin PBXBuildFile section */
		8CEF254F2C75BF19002DE741 /* microlearnApp.swift in Sources */ = {isa = PBXBuildFile; fileRef = 8CEF254E2C75BF19002DE741 /* microlearnApp.swift */; };
		8CEF25512C75BF19002DE741 /* ContentView.swift in Sources */ = {isa = PBXBuildFile; fileRef = 8CEF25502C75BF19002DE741 /* ContentView.swift */; };
		8CEF25532C75BF1B002DE741 /* Assets.xcassets in Resources */ = {isa = PBXBuildFile; fileRef = 8CEF25522C75BF1B002DE741 /* Assets.xcassets */; };
		8CEF25562C75BF1B002DE741 /* Preview Assets.xcassets in Resources */ = {isa = PBXBuildFile; fileRef = 8CEF25552C75BF1B002DE741 /* Preview Assets.xcassets */; };
		8CEF25602C75BF1B002DE741 /* microlearnTests.swift in Sources */ = {isa = PBXBuildFile; fileRef = 8CEF255F2C75BF1B002DE741 /* microlearnTests.swift */; };
		8CEF256A2C75BF1B002DE741 /* microlearnUITests.swift in Sources */ = {isa = PBXBuildFile; fileRef = 8CEF25692C75BF1B002DE741 /* microlearnUITests.swift */; };
		8CEF256C2C75BF1B002DE741 /* microlearnUITestsLaunchTests.swift in Sources */ = {isa = PBXBuildFile; fileRef = 8CEF256B2C75BF1B002DE741 /* microlearnUITestsLaunchTests.swift */; };
		8CEF257B2C75C549002DE741 /* GoogleGenerativeAI in Frameworks */ = {isa = PBXBuildFile; productRef = 8CEF257A2C75C549002DE741 /* GoogleGenerativeAI */; };
/* End PBXBuildFile section */

/* Begin PBXContainerItemProxy section */
		8CEF255C2C75BF1B002DE741 /* PBXContainerItemProxy */ = {
			isa = PBXContainerItemProxy;
			containerPortal = 8CEF25432C75BF19002DE741 /* Project object */;
			proxyType = 1;
			remoteGlobalIDString = 8CEF254A2C75BF19002DE741;
			remoteInfo = microlearn;
		};
		8CEF25662C75BF1B002DE741 /* PBXContainerItemProxy */ = {
			isa = PBXContainerItemProxy;
			containerPortal = 8CEF25432C75BF19002DE741 /* Project object */;
			proxyType = 1;
			remoteGlobalIDString = 8CEF254A2C75BF19002DE741;
			remoteInfo = microlearn;
		};
/* End PBXContainerItemProxy section */

/* Begin PBXFileReference section */
		8CEF254B2C75BF19002DE741 /* microlearn.app */ = {isa = PBXFileReference; explicitFileType = wrapper.application; includeInIndex = 0; path = microlearn.app; sourceTree = BUILT_PRODUCTS_DIR; };
		8CEF254E2C75BF19002DE741 /* microlearnApp.swift */ = {isa = PBXFileReference; lastKnownFileType = sourcecode.swift; path = microlearnApp.swift; sourceTree = "<group>"; };
		8CEF25502C75BF19002DE741 /* ContentView.swift */ = {isa = PBXFileReference; lastKnownFileType = sourcecode.swift; path = ContentView.swift; sourceTree = "<group>"; };
		8CEF25522C75BF1B002DE741 /* Assets.xcassets */ = {isa = PBXFileReference; lastKnownFileType = folder.assetcatalog; path = Assets.xcassets; sourceTree = "<group>"; };
		8CEF25552C75BF1B002DE741 /* Preview Assets.xcassets */ = {isa = PBXFileReference; lastKnownFileType = folder.assetcatalog; path = "Preview Assets.xcassets"; sourceTree = "<group>"; };
		8CEF255B2C75BF1B002DE741 /* microlearnTests.xctest */ = {isa = PBXFileReference; explicitFileType = wrapper.cfbundle; includeInIndex = 0; path = microlearnTests.xctest; sourceTree = BUILT_PRODUCTS_DIR; };
		8CEF255F2C75BF1B002DE741 /* microlearnTests.swift */ = {isa = PBXFileReference; lastKnownFileType = sourcecode.swift; path = microlearnTests.swift; sourceTree = "<group>"; };
		8CEF25652C75BF1B002DE741 /* microlearnUITests.xctest */ = {isa = PBXFileReference; explicitFileType = wrapper.cfbundle; includeInIndex = 0; path = microlearnUITests.xctest; sourceTree = BUILT_PRODUCTS_DIR; };
		8CEF25692C75BF1B002DE741 /* microlearnUITests.swift */ = {isa = PBXFileReference; lastKnownFileType = sourcecode.swift; path = microlearnUITests.swift; sourceTree = "<group>"; };
		8CEF256B2C75BF1B002DE741 /* microlearnUITestsLaunchTests.swift */ = {isa = PBXFileReference; lastKnownFileType = sourcecode.swift; path = microlearnUITestsLaunchTests.swift; sourceTree = "<group>"; };
/* End PBXFileReference section */

/* Begin PBXFrameworksBuildPhase section */
		8CEF25482C75BF19002DE741 /* Frameworks */ = {
			isa = PBXFrameworksBuildPhase;
			buildActionMask = 2147483647;
			files = (
				8CEF257B2C75C549002DE741 /* GoogleGenerativeAI in Frameworks */,
			);
			runOnlyForDeploymentPostprocessing = 0;
		};
		8CEF25582C75BF1B002DE741 /* Frameworks */ = {
			isa = PBXFrameworksBuildPhase;
			buildActionMask = 2147483647;
			files = (
			);
			runOnlyForDeploymentPostprocessing = 0;
		};
		8CEF25622C75BF1B002DE741 /* Frameworks */ = {
			isa = PBXFrameworksBuildPhase;
			buildActionMask = 2147483647;
			files = (
			);
			runOnlyForDeploymentPostprocessing = 0;
		};
/* End PBXFrameworksBuildPhase section */

/* Begin PBXGroup section */
		8CEF25422C75BF19002DE741 = {
			isa = PBXGroup;
			children = (
				8CEF254D2C75BF19002DE741 /* microlearn */,
				8CEF255E2C75BF1B002DE741 /* microlearnTests */,
				8CEF25682C75BF1B002DE741 /* microlearnUITests */,
				8CEF254C2C75BF19002DE741 /* Products */,
				8CEF25792C75C549002DE741 /* Frameworks */,
			);
			sourceTree = "<group>";
		};
		8CEF254C2C75BF19002DE741 /* Products */ = {
			isa = PBXGroup;
			children = (
				8CEF254B2C75BF19002DE741 /* microlearn.app */,
				8CEF255B2C75BF1B002DE741 /* microlearnTests.xctest */,
				8CEF25652C75BF1B002DE741 /* microlearnUITests.xctest */,
			);
			name = Products;
			sourceTree = "<group>";
		};
		8CEF254D2C75BF19002DE741 /* microlearn */ = {
			isa = PBXGroup;
			children = (
				8CEF254E2C75BF19002DE741 /* microlearnApp.swift */,
				8CEF25502C75BF19002DE741 /* ContentView.swift */,
				8CEF25522C75BF1B002DE741 /* Assets.xcassets */,
				8CEF25542C75BF1B002DE741 /* Preview Content */,
			);
			path = microlearn;
			sourceTree = "<group>";
		};
		8CEF25542C75BF1B002DE741 /* Preview Content */ = {
			isa = PBXGroup;
			children = (
				8CEF25552C75BF1B002DE741 /* Preview Assets.xcassets */,
			);
			path = "Preview Content";
			sourceTree = "<group>";
		};
		8CEF255E2C75BF1B002DE741 /* microlearnTests */ = {
			isa = PBXGroup;
			children = (
				8CEF255F2C75BF1B002DE741 /* microlearnTests.swift */,
			);
			path = microlearnTests;
			sourceTree = "<group>";
		};
		8CEF25682C75BF1B002DE741 /* microlearnUITests */ = {
			isa = PBXGroup;
			children = (
				8CEF25692C75BF1B002DE741 /* microlearnUITests.swift */,
				8CEF256B2C75BF1B002DE741 /* microlearnUITestsLaunchTests.swift */,
			);
			path = microlearnUITests;
			sourceTree = "<group>";
		};
		8CEF25792C75C549002DE741 /* Frameworks */ = {
			isa = PBXGroup;
			children = (
			);
			name = Frameworks;
			sourceTree = "<group>";
		};
/* End PBXGroup section */

/* Begin PBXNativeTarget section */
		8CEF254A2C75BF19002DE741 /* microlearn */ = {
			isa = PBXNativeTarget;
			buildConfigurationList = 8CEF256F2C75BF1B002DE741 /* Build configuration list for PBXNativeTarget "microlearn" */;
			buildPhases = (
				8CEF25472C75BF19002DE741 /* Sources */,
				8CEF25482C75BF19002DE741 /* Frameworks */,
				8CEF25492C75BF19002DE741 /* Resources */,
			);
			buildRules = (
			);
			dependencies = (
			);
			name = microlearn;
			packageProductDependencies = (
				8CEF257A2C75C549002DE741 /* GoogleGenerativeAI */,
			);
			productName = microlearn;
			productReference = 8CEF254B2C75BF19002DE741 /* microlearn.app */;
			productType = "com.apple.product-type.application";
		};
		8CEF255A2C75BF1B002DE741 /* microlearnTests */ = {
			isa = PBXNativeTarget;
			buildConfigurationList = 8CEF25722C75BF1B002DE741 /* Build configuration list for PBXNativeTarget "microlearnTests" */;
			buildPhases = (
				8CEF25572C75BF1B002DE741 /* Sources */,
				8CEF25582C75BF1B002DE741 /* Frameworks */,
				8CEF25592C75BF1B002DE741 /* Resources */,
			);
			buildRules = (
			);
			dependencies = (
				8CEF255D2C75BF1B002DE741 /* PBXTargetDependency */,
			);
			name = microlearnTests;
			productName = microlearnTests;
			productReference = 8CEF255B2C75BF1B002DE741 /* microlearnTests.xctest */;
			productType = "com.apple.product-type.bundle.unit-test";
		};
		8CEF25642C75BF1B002DE741 /* microlearnUITests */ = {
			isa = PBXNativeTarget;
			buildConfigurationList = 8CEF25752C75BF1B002DE741 /* Build configuration list for PBXNativeTarget "microlearnUITests" */;
			buildPhases = (
				8CEF25612C75BF1B002DE741 /* Sources */,
				8CEF25622C75BF1B002DE741 /* Frameworks */,
				8CEF25632C75BF1B002DE741 /* Resources */,
			);
			buildRules = (
			);
			dependencies = (
				8CEF25672C75BF1B002DE741 /* PBXTargetDependency */,
			);
			name = microlearnUITests;
			productName = microlearnUITests;
			productReference = 8CEF25652C75BF1B002DE741 /* microlearnUITests.xctest */;
			productType = "com.apple.product-type.bundle.ui-testing";
		};
/* End PBXNativeTarget section */

/* Begin PBXProject section */
		8CEF25432C75BF19002DE741 /* Project object */ = {
			isa = PBXProject;
			attributes = {
				BuildIndependentTargetsInParallel = 1;
				LastSwiftUpdateCheck = 1540;
				LastUpgradeCheck = 1540;
				TargetAttributes = {
					8CEF254A2C75BF19002DE741 = {
						CreatedOnToolsVersion = 15.4;
					};
					8CEF255A2C75BF1B002DE741 = {
						CreatedOnToolsVersion = 15.4;
						TestTargetID = 8CEF254A2C75BF19002DE741;
					};
					8CEF25642C75BF1B002DE741 = {
						CreatedOnToolsVersion = 15.4;
						TestTargetID = 8CEF254A2C75BF19002DE741;
					};
				};
			};
			buildConfigurationList = 8CEF25462C75BF19002DE741 /* Build configuration list for PBXProject "microlearn" */;
			compatibilityVersion = "Xcode 14.0";
			developmentRegion = en;
			hasScannedForEncodings = 0;
			knownRegions = (
				en,
				Base,
			);
			mainGroup = 8CEF25422C75BF19002DE741;
			packageReferences = (
				8CEF25782C75C52E002DE741 /* XCRemoteSwiftPackageReference "generative-ai-swift" */,
			);
			productRefGroup = 8CEF254C2C75BF19002DE741 /* Products */;
			projectDirPath = "";
			projectRoot = "";
			targets = (
				8CEF254A2C75BF19002DE741 /* microlearn */,
				8CEF255A2C75BF1B002DE741 /* microlearnTests */,
				8CEF25642C75BF1B002DE741 /* microlearnUITests */,
			);
		};
/* End PBXProject section */

/* Begin PBXResourcesBuildPhase section */
		8CEF25492C75BF19002DE741 /* Resources */ = {
			isa = PBXResourcesBuildPhase;
			buildActionMask = 2147483647;
			files = (
				8CEF25562C75BF1B002DE741 /* Preview Assets.xcassets in Resources */,
				8CEF25532C75BF1B002DE741 /* Assets.xcassets in Resources */,
			);
			runOnlyForDeploymentPostprocessing = 0;
		};
		8CEF25592C75BF1B002DE741 /* Resources */ = {
			isa = PBXResourcesBuildPhase;
			buildActionMask = 2147483647;
			files = (
			);
			runOnlyForDeploymentPostprocessing = 0;
		};
		8CEF25632C75BF1B002DE741 /* Resources */ = {
			isa = PBXResourcesBuildPhase;
			buildActionMask = 2147483647;
			files = (
			);
			runOnlyForDeploymentPostprocessing = 0;
		};
/* End PBXResourcesBuildPhase section */

/* Begin PBXSourcesBuildPhase section */
		8CEF25472C75BF19002DE741 /* Sources */ = {
			isa = PBXSourcesBuildPhase;
			buildActionMask = 2147483647;
			files = (
				8CEF25512C75BF19002DE741 /* ContentView.swift in Sources */,
				8CEF254F2C75BF19002DE741 /* microlearnApp.swift in Sources */,
			);
			runOnlyForDeploymentPostprocessing = 0;
		};
		8CEF25572C75BF1B002DE741 /* Sources */ = {
			isa = PBXSourcesBuildPhase;
			buildActionMask = 2147483647;
			files = (
				8CEF25602C75BF1B002DE741 /* microlearnTests.swift in Sources */,
			);
			runOnlyForDeploymentPostprocessing = 0;
		};
		8CEF25612C75BF1B002DE741 /* Sources */ = {
			isa = PBXSourcesBuildPhase;
			buildActionMask = 2147483647;
			files = (
				8CEF256C2C75BF1B002DE741 /* microlearnUITestsLaunchTests.swift in Sources */,
				8CEF256A2C75BF1B002DE741 /* microlearnUITests.swift in Sources */,
			);
			runOnlyForDeploymentPostprocessing = 0;
		};
/* End PBXSourcesBuildPhase section */

/* Begin PBXTargetDependency section */
		8CEF255D2C75BF1B002DE741 /* PBXTargetDependency */ = {
			isa = PBXTargetDependency;
			target = 8CEF254A2C75BF19002DE741 /* microlearn */;
			targetProxy = 8CEF255C2C75BF1B002DE741 /* PBXContainerItemProxy */;
		};
		8CEF25672C75BF1B002DE741 /* PBXTargetDependency */ = {
			isa = PBXTargetDependency;
			target = 8CEF254A2C75BF19002DE741 /* microlearn */;
			targetProxy = 8CEF25662C75BF1B002DE741 /* PBXContainerItemProxy */;
		};
/* End PBXTargetDependency section */

/* Begin XCBuildConfiguration section */
		8CEF256D2C75BF1B002DE741 /* Debug */ = {
			isa = XCBuildConfiguration;
			buildSettings = {
				ALWAYS_SEARCH_USER_PATHS = NO;
				ASSETCATALOG_COMPILER_GENERATE_SWIFT_ASSET_SYMBOL_EXTENSIONS = YES;
				CLANG_ANALYZER_NONNULL = YES;
				CLANG_ANALYZER_NUMBER_OBJECT_CONVERSION = YES_AGGRESSIVE;
				CLANG_CXX_LANGUAGE_STANDARD = "gnu++20";
				CLANG_ENABLE_MODULES = YES;
				CLANG_ENABLE_OBJC_ARC = YES;
				CLANG_ENABLE_OBJC_WEAK = YES;
				CLANG_WARN_BLOCK_CAPTURE_AUTORELEASING = YES;
				CLANG_WARN_BOOL_CONVERSION = YES;
				CLANG_WARN_COMMA = YES;
				CLANG_WARN_CONSTANT_CONVERSION = YES;
				CLANG_WARN_DEPRECATED_OBJC_IMPLEMENTATIONS = YES;
				CLANG_WARN_DIRECT_OBJC_ISA_USAGE = YES_ERROR;
				CLANG_WARN_DOCUMENTATION_COMMENTS = YES;
				CLANG_WARN_EMPTY_BODY = YES;
				CLANG_WARN_ENUM_CONVERSION = YES;
				CLANG_WARN_INFINITE_RECURSION = YES;
				CLANG_WARN_INT_CONVERSION = YES;
				CLANG_WARN_NON_LITERAL_NULL_CONVERSION = YES;
				CLANG_WARN_OBJC_IMPLICIT_RETAIN_SELF = YES;
				CLANG_WARN_OBJC_LITERAL_CONVERSION = YES;
				CLANG_WARN_OBJC_ROOT_CLASS = YES_ERROR;
				CLANG_WARN_QUOTED_INCLUDE_IN_FRAMEWORK_HEADER = YES;
				CLANG_WARN_RANGE_LOOP_ANALYSIS = YES;
				CLANG_WARN_STRICT_PROTOTYPES = YES;
				CLANG_WARN_SUSPICIOUS_MOVE = YES;
				CLANG_WARN_UNGUARDED_AVAILABILITY = YES_AGGRESSIVE;
				CLANG_WARN_UNREACHABLE_CODE = YES;
				CLANG_WARN__DUPLICATE_METHOD_MATCH = YES;
				COPY_PHASE_STRIP = NO;
				DEBUG_INFORMATION_FORMAT = dwarf;
				ENABLE_STRICT_OBJC_MSGSEND = YES;
				ENABLE_TESTABILITY = YES;
				ENABLE_USER_SCRIPT_SANDBOXING = YES;
				GCC_C_LANGUAGE_STANDARD = gnu17;
				GCC_DYNAMIC_NO_PIC = NO;
				GCC_NO_COMMON_BLOCKS = YES;
				GCC_OPTIMIZATION_LEVEL = 0;
				GCC_PREPROCESSOR_DEFINITIONS = (
					"DEBUG=1",
					"$(inherited)",
				);
				GCC_WARN_64_TO_32_BIT_CONVERSION = YES;
				GCC_WARN_ABOUT_RETURN_TYPE = YES_ERROR;
				GCC_WARN_UNDECLARED_SELECTOR = YES;
				GCC_WARN_UNINITIALIZED_AUTOS = YES_AGGRESSIVE;
				GCC_WARN_UNUSED_FUNCTION = YES;
				GCC_WARN_UNUSED_VARIABLE = YES;
				IPHONEOS_DEPLOYMENT_TARGET = 17.5;
				LOCALIZATION_PREFERS_STRING_CATALOGS = YES;
				MTL_ENABLE_DEBUG_INFO = INCLUDE_SOURCE;
				MTL_FAST_MATH = YES;
				ONLY_ACTIVE_ARCH = YES;
				SDKROOT = iphoneos;
				SWIFT_ACTIVE_COMPILATION_CONDITIONS = "DEBUG $(inherited)";
				SWIFT_OPTIMIZATION_LEVEL = "-Onone";
			};
			name = Debug;
		};
		8CEF256E2C75BF1B002DE741 /* Release */ = {
			isa = XCBuildConfiguration;
			buildSettings = {
				ALWAYS_SEARCH_USER_PATHS = NO;
				ASSETCATALOG_COMPILER_GENERATE_SWIFT_ASSET_SYMBOL_EXTENSIONS = YES;
				CLANG_ANALYZER_NONNULL = YES;
				CLANG_ANALYZER_NUMBER_OBJECT_CONVERSION = YES_AGGRESSIVE;
				CLANG_CXX_LANGUAGE_STANDARD = "gnu++20";
				CLANG_ENABLE_MODULES = YES;
				CLANG_ENABLE_OBJC_ARC = YES;
				CLANG_ENABLE_OBJC_WEAK = YES;
				CLANG_WARN_BLOCK_CAPTURE_AUTORELEASING = YES;
				CLANG_WARN_BOOL_CONVERSION = YES;
				CLANG_WARN_COMMA = YES;
				CLANG_WARN_CONSTANT_CONVERSION = YES;
				CLANG_WARN_DEPRECATED_OBJC_IMPLEMENTATIONS = YES;
				CLANG_WARN_DIRECT_OBJC_ISA_USAGE = YES_ERROR;
				CLANG_WARN_DOCUMENTATION_COMMENTS = YES;
				CLANG_WARN_EMPTY_BODY = YES;
				CLANG_WARN_ENUM_CONVERSION = YES;
				CLANG_WARN_INFINITE_RECURSION = YES;
				CLANG_WARN_INT_CONVERSION = YES;
				CLANG_WARN_NON_LITERAL_NULL_CONVERSION = YES;
				CLANG_WARN_OBJC_IMPLICIT_RETAIN_SELF = YES;
				CLANG_WARN_OBJC_LITERAL_CONVERSION = YES;
				CLANG_WARN_OBJC_ROOT_CLASS = YES_ERROR;
				CLANG_WARN_QUOTED_INCLUDE_IN_FRAMEWORK_HEADER = YES;
				CLANG_WARN_RANGE_LOOP_ANALYSIS = YES;
				CLANG_WARN_STRICT_PROTOTYPES = YES;
				CLANG_WARN_SUSPICIOUS_MOVE = YES;
				CLANG_WARN_UNGUARDED_AVAILABILITY = YES_AGGRESSIVE;
				CLANG_WARN_UNREACHABLE_CODE = YES;
				CLANG_WARN__DUPLICATE_METHOD_MATCH = YES;
				COPY_PHASE_STRIP = NO;
				DEBUG_INFORMATION_FORMAT = "dwarf-with-dsym";
				ENABLE_NS_ASSERTIONS = NO;
				ENABLE_STRICT_OBJC_MSGSEND = YES;
				ENABLE_USER_SCRIPT_SANDBOXING = YES;
				GCC_C_LANGUAGE_STANDARD = gnu17;
				GCC_NO_COMMON_BLOCKS = YES;
				GCC_WARN_64_TO_32_BIT_CONVERSION = YES;
				GCC_WARN_ABOUT_RETURN_TYPE = YES_ERROR;
				GCC_WARN_UNDECLARED_SELECTOR = YES;
				GCC_WARN_UNINITIALIZED_AUTOS = YES_AGGRESSIVE;
				GCC_WARN_UNUSED_FUNCTION = YES;
				GCC_WARN_UNUSED_VARIABLE = YES;
				IPHONEOS_DEPLOYMENT_TARGET = 17.5;
				LOCALIZATION_PREFERS_STRING_CATALOGS = YES;
				MTL_ENABLE_DEBUG_INFO = NO;
				MTL_FAST_MATH = YES;
				SDKROOT = iphoneos;
				SWIFT_COMPILATION_MODE = wholemodule;
				VALIDATE_PRODUCT = YES;
			};
			name = Release;
		};
		8CEF25702C75BF1B002DE741 /* Debug */ = {
			isa = XCBuildConfiguration;
			buildSettings = {
				ASSETCATALOG_COMPILER_APPICON_NAME = AppIcon;
				ASSETCATALOG_COMPILER_GLOBAL_ACCENT_COLOR_NAME = AccentColor;
				CODE_SIGN_STYLE = Automatic;
				CURRENT_PROJECT_VERSION = 1;
				DEVELOPMENT_ASSET_PATHS = "\"microlearn/Preview Content\"";
				DEVELOPMENT_TEAM = D7A5GJ6KWN;
				ENABLE_PREVIEWS = YES;
				GENERATE_INFOPLIST_FILE = YES;
				INFOPLIST_KEY_UIApplicationSceneManifest_Generation = YES;
				INFOPLIST_KEY_UIApplicationSupportsIndirectInputEvents = YES;
				INFOPLIST_KEY_UILaunchScreen_Generation = YES;
				INFOPLIST_KEY_UISupportedInterfaceOrientations_iPad = "UIInterfaceOrientationPortrait UIInterfaceOrientationPortraitUpsideDown UIInterfaceOrientationLandscapeLeft UIInterfaceOrientationLandscapeRight";
				INFOPLIST_KEY_UISupportedInterfaceOrientations_iPhone = "UIInterfaceOrientationPortrait UIInterfaceOrientationLandscapeLeft UIInterfaceOrientationLandscapeRight";
				LD_RUNPATH_SEARCH_PATHS = (
					"$(inherited)",
					"@executable_path/Frameworks",
				);
				MARKETING_VERSION = 0.1.1;
				PRODUCT_BUNDLE_IDENTIFIER = com.guchar.microlearn;
				PRODUCT_NAME = "$(TARGET_NAME)";
				SWIFT_EMIT_LOC_STRINGS = YES;
				SWIFT_VERSION = 5.0;
				TARGETED_DEVICE_FAMILY = "1,2";
			};
			name = Debug;
		};
		8CEF25712C75BF1B002DE741 /* Release */ = {
			isa = XCBuildConfiguration;
			buildSettings = {
				ASSETCATALOG_COMPILER_APPICON_NAME = AppIcon;
				ASSETCATALOG_COMPILER_GLOBAL_ACCENT_COLOR_NAME = AccentColor;
				CODE_SIGN_STYLE = Automatic;
				CURRENT_PROJECT_VERSION = 1;
				DEVELOPMENT_ASSET_PATHS = "\"microlearn/Preview Content\"";
				DEVELOPMENT_TEAM = D7A5GJ6KWN;
				ENABLE_PREVIEWS = YES;
				GENERATE_INFOPLIST_FILE = YES;
				INFOPLIST_KEY_UIApplicationSceneManifest_Generation = YES;
				INFOPLIST_KEY_UIApplicationSupportsIndirectInputEvents = YES;
				INFOPLIST_KEY_UILaunchScreen_Generation = YES;
				INFOPLIST_KEY_UISupportedInterfaceOrientations_iPad = "UIInterfaceOrientationPortrait UIInterfaceOrientationPortraitUpsideDown UIInterfaceOrientationLandscapeLeft UIInterfaceOrientationLandscapeRight";
				INFOPLIST_KEY_UISupportedInterfaceOrientations_iPhone = "UIInterfaceOrientationPortrait UIInterfaceOrientationLandscapeLeft UIInterfaceOrientationLandscapeRight";
				LD_RUNPATH_SEARCH_PATHS = (
					"$(inherited)",
					"@executable_path/Frameworks",
				);
				MARKETING_VERSION = 0.1.1;
				PRODUCT_BUNDLE_IDENTIFIER = com.guchar.microlearn;
				PRODUCT_NAME = "$(TARGET_NAME)";
				SWIFT_EMIT_LOC_STRINGS = YES;
				SWIFT_VERSION = 5.0;
				TARGETED_DEVICE_FAMILY = "1,2";
			};
			name = Release;
		};
		8CEF25732C75BF1B002DE741 /* Debug */ = {
			isa = XCBuildConfiguration;
			buildSettings = {
				ALWAYS_EMBED_SWIFT_STANDARD_LIBRARIES = YES;
				BUNDLE_LOADER = "$(TEST_HOST)";
				CODE_SIGN_STYLE = Automatic;
				CURRENT_PROJECT_VERSION = 1;
				DEVELOPMENT_TEAM = D7A5GJ6KWN;
				GENERATE_INFOPLIST_FILE = YES;
				IPHONEOS_DEPLOYMENT_TARGET = 17.5;
				MARKETING_VERSION = 1.0;
				PRODUCT_BUNDLE_IDENTIFIER = com.guchar.microlearnTests;
				PRODUCT_NAME = "$(TARGET_NAME)";
				SWIFT_EMIT_LOC_STRINGS = NO;
				SWIFT_VERSION = 5.0;
				TARGETED_DEVICE_FAMILY = "1,2";
				TEST_HOST = "$(BUILT_PRODUCTS_DIR)/microlearn.app/$(BUNDLE_EXECUTABLE_FOLDER_PATH)/microlearn";
			};
			name = Debug;
		};
		8CEF25742C75BF1B002DE741 /* Release */ = {
			isa = XCBuildConfiguration;
			buildSettings = {
				ALWAYS_EMBED_SWIFT_STANDARD_LIBRARIES = YES;
				BUNDLE_LOADER = "$(TEST_HOST)";
				CODE_SIGN_STYLE = Automatic;
				CURRENT_PROJECT_VERSION = 1;
				DEVELOPMENT_TEAM = D7A5GJ6KWN;
				GENERATE_INFOPLIST_FILE = YES;
				IPHONEOS_DEPLOYMENT_TARGET = 17.5;
				MARKETING_VERSION = 1.0;
				PRODUCT_BUNDLE_IDENTIFIER = com.guchar.microlearnTests;
				PRODUCT_NAME = "$(TARGET_NAME)";
				SWIFT_EMIT_LOC_STRINGS = NO;
				SWIFT_VERSION = 5.0;
				TARGETED_DEVICE_FAMILY = "1,2";
				TEST_HOST = "$(BUILT_PRODUCTS_DIR)/microlearn.app/$(BUNDLE_EXECUTABLE_FOLDER_PATH)/microlearn";
			};
			name = Release;
		};
		8CEF25762C75BF1B002DE741 /* Debug */ = {
			isa = XCBuildConfiguration;
			buildSettings = {
				ALWAYS_EMBED_SWIFT_STANDARD_LIBRARIES = YES;
				CODE_SIGN_STYLE = Automatic;
				CURRENT_PROJECT_VERSION = 1;
				DEVELOPMENT_TEAM = D7A5GJ6KWN;
				GENERATE_INFOPLIST_FILE = YES;
				MARKETING_VERSION = 1.0;
				PRODUCT_BUNDLE_IDENTIFIER = com.guchar.microlearnUITests;
				PRODUCT_NAME = "$(TARGET_NAME)";
				SWIFT_EMIT_LOC_STRINGS = NO;
				SWIFT_VERSION = 5.0;
				TARGETED_DEVICE_FAMILY = "1,2";
				TEST_TARGET_NAME = microlearn;
			};
			name = Debug;
		};
		8CEF25772C75BF1B002DE741 /* Release */ = {
			isa = XCBuildConfiguration;
			buildSettings = {
				ALWAYS_EMBED_SWIFT_STANDARD_LIBRARIES = YES;
				CODE_SIGN_STYLE = Automatic;
				CURRENT_PROJECT_VERSION = 1;
				DEVELOPMENT_TEAM = D7A5GJ6KWN;
				GENERATE_INFOPLIST_FILE = YES;
				MARKETING_VERSION = 1.0;
				PRODUCT_BUNDLE_IDENTIFIER = com.guchar.microlearnUITests;
				PRODUCT_NAME = "$(TARGET_NAME)";
				SWIFT_EMIT_LOC_STRINGS = NO;
				SWIFT_VERSION = 5.0;
				TARGETED_DEVICE_FAMILY = "1,2";
				TEST_TARGET_NAME = microlearn;
			};
			name = Release;
		};
/* End XCBuildConfiguration section */

/* Begin XCConfigurationList section */
		8CEF25462C75BF19002DE741 /* Build configuration list for PBXProject "microlearn" */ = {
			isa = XCConfigurationList;
			buildConfigurations = (
				8CEF256D2C75BF1B002DE741 /* Debug */,
				8CEF256E2C75BF1B002DE741 /* Release */,
			);
			defaultConfigurationIsVisible = 0;
			defaultConfigurationName = Release;
		};
		8CEF256F2C75BF1B002DE741 /* Build configuration list for PBXNativeTarget "microlearn" */ = {
			isa = XCConfigurationList;
			buildConfigurations = (
				8CEF25702C75BF1B002DE741 /* Debug */,
				8CEF25712C75BF1B002DE741 /* Release */,
			);
			defaultConfigurationIsVisible = 0;
			defaultConfigurationName = Release;
		};
		8CEF25722C75BF1B002DE741 /* Build configuration list for PBXNativeTarget "microlearnTests" */ = {
			isa = XCConfigurationList;
			buildConfigurations = (
				8CEF25732C75BF1B002DE741 /* Debug */,
				8CEF25742C75BF1B002DE741 /* Release */,
			);
			defaultConfigurationIsVisible = 0;
			defaultConfigurationName = Release;
		};
		8CEF25752C75BF1B002DE741 /* Build configuration list for PBXNativeTarget "microlearnUITests" */ = {
			isa = XCConfigurationList;
			buildConfigurations = (
				8CEF25762C75BF1B002DE741 /* Debug */,
				8CEF25772C75BF1B002DE741 /* Release */,
			);
			defaultConfigurationIsVisible = 0;
			defaultConfigurationName = Release;
		};
/* End XCConfigurationList section */

/* Begin XCRemoteSwiftPackageReference section */
		8CEF25782C75C52E002DE741 /* XCRemoteSwiftPackageReference "generative-ai-swift" */ = {
			isa = XCRemoteSwiftPackageReference;
			repositoryURL = "https://github.com/google/generative-ai-swift";
			requirement = {
				kind = upToNextMajorVersion;
				minimumVersion = 0.5.5;
			};
		};
/* End XCRemoteSwiftPackageReference section */

/* Begin XCSwiftPackageProductDependency section */
		8CEF257A2C75C549002DE741 /* GoogleGenerativeAI */ = {
			isa = XCSwiftPackageProductDependency;
			package = 8CEF25782C75C52E002DE741 /* XCRemoteSwiftPackageReference "generative-ai-swift" */;
			productName = GoogleGenerativeAI;
		};
/* End XCSwiftPackageProductDependency section */
	};
	rootObject = 8CEF25432C75BF19002DE741 /* Project object */;
}
